// !$*UTF8*$!
{
	archiveVersion = 1;
	classes = {
	};
	objectVersion = 46;
	objects = {

/* Begin PBXBuildFile section */
		E47A5C2015DE8E59000B85F5 /* UIKit.framework in Frameworks */ = {isa = PBXBuildFile; fileRef = E47A5C1F15DE8E59000B85F5 /* UIKit.framework */; };
		E47A5C2215DE8E59000B85F5 /* Foundation.framework in Frameworks */ = {isa = PBXBuildFile; fileRef = E47A5C2115DE8E59000B85F5 /* Foundation.framework */; };
		E47A5C2415DE8E59000B85F5 /* CoreGraphics.framework in Frameworks */ = {isa = PBXBuildFile; fileRef = E47A5C2315DE8E59000B85F5 /* CoreGraphics.framework */; };
		E47A5C2A15DE8E59000B85F5 /* InfoPlist.strings in Resources */ = {isa = PBXBuildFile; fileRef = E47A5C2815DE8E59000B85F5 /* InfoPlist.strings */; };
		E47A5C2C15DE8E59000B85F5 /* main.m in Sources */ = {isa = PBXBuildFile; fileRef = E47A5C2B15DE8E59000B85F5 /* main.m */; };
		E47A5C3015DE8E59000B85F5 /* RedOkesAppDelegate.m in Sources */ = {isa = PBXBuildFile; fileRef = E47A5C2F15DE8E59000B85F5 /* RedOkesAppDelegate.m */; };
		E47A5C4815DE9018000B85F5 /* TFHpple.m in Sources */ = {isa = PBXBuildFile; fileRef = E47A5C4115DE9018000B85F5 /* TFHpple.m */; };
		E47A5C4915DE9018000B85F5 /* TFHppleElement.m in Sources */ = {isa = PBXBuildFile; fileRef = E47A5C4315DE9018000B85F5 /* TFHppleElement.m */; };
		E47A5C4A15DE9018000B85F5 /* XPathQuery.m in Sources */ = {isa = PBXBuildFile; fileRef = E47A5C4515DE9018000B85F5 /* XPathQuery.m */; };
		E47A5C4C15DE907D000B85F5 /* layout.html in Resources */ = {isa = PBXBuildFile; fileRef = E47A5C4B15DE907D000B85F5 /* layout.html */; };
		E47A5C5015DE90DA000B85F5 /* UIColor+CreateMethods.m in Sources */ = {isa = PBXBuildFile; fileRef = E47A5C4F15DE90DA000B85F5 /* UIColor+CreateMethods.m */; };
		E47A5C5215DE9136000B85F5 /* libxml2.2.dylib in Frameworks */ = {isa = PBXBuildFile; fileRef = E47A5C5115DE9136000B85F5 /* libxml2.2.dylib */; };
		E47A5C5615DE98D5000B85F5 /* HtmlViewParser.m in Sources */ = {isa = PBXBuildFile; fileRef = E47A5C5515DE98D5000B85F5 /* HtmlViewParser.m */; };
		E47A5C5E15E047FC000B85F5 /* form.html in Resources */ = {isa = PBXBuildFile; fileRef = E47A5C5D15E047FC000B85F5 /* form.html */; };
		E47A5C6815E076BC000B85F5 /* HtmlViewController.m in Sources */ = {isa = PBXBuildFile; fileRef = E47A5C6415E076BC000B85F5 /* HtmlViewController.m */; };
		E47A5C6915E076BC000B85F5 /* UIFlexibleView.m in Sources */ = {isa = PBXBuildFile; fileRef = E47A5C6715E076BC000B85F5 /* UIFlexibleView.m */; };
		E47A5C7015E076C9000B85F5 /* ExampleFormViewController.m in Sources */ = {isa = PBXBuildFile; fileRef = E47A5C6D15E076C9000B85F5 /* ExampleFormViewController.m */; };
		E47A5C7115E076C9000B85F5 /* ExampleViewController.m in Sources */ = {isa = PBXBuildFile; fileRef = E47A5C6F15E076C9000B85F5 /* ExampleViewController.m */; };
		E47A5C7415E07811000B85F5 /* ExampleFormField.m in Sources */ = {isa = PBXBuildFile; fileRef = E47A5C7315E07811000B85F5 /* ExampleFormField.m */; };
		E47A5C7815E09C4D000B85F5 /* ExampleFormFieldViewController.m in Sources */ = {isa = PBXBuildFile; fileRef = E47A5C7715E09C4D000B85F5 /* ExampleFormFieldViewController.m */; };
		E47A5C7A15E09C68000B85F5 /* field.html in Resources */ = {isa = PBXBuildFile; fileRef = E47A5C7915E09C68000B85F5 /* field.html */; };
		E47A5D1815E28141000B85F5 /* Foundation.framework in Frameworks */ = {isa = PBXBuildFile; fileRef = E47A5C2115DE8E59000B85F5 /* Foundation.framework */; };
		E47A5D1D15E28141000B85F5 /* libHtmlLayoutIOS.h in CopyFiles */ = {isa = PBXBuildFile; fileRef = E47A5D1C15E28141000B85F5 /* libHtmlLayoutIOS.h */; };
		E47A5D1F15E28141000B85F5 /* libHtmlLayoutIOS.m in Sources */ = {isa = PBXBuildFile; fileRef = E47A5D1E15E28141000B85F5 /* libHtmlLayoutIOS.m */; };
		F5FCCE7615DE9EA30075AB8E /* NSString+Util.m in Sources */ = {isa = PBXBuildFile; fileRef = F5FCCE7515DE9EA30075AB8E /* NSString+Util.m */; };
/* End PBXBuildFile section */

/* Begin PBXCopyFilesBuildPhase section */
		E47A5D1515E28140000B85F5 /* CopyFiles */ = {
			isa = PBXCopyFilesBuildPhase;
			buildActionMask = 2147483647;
			dstPath = "include/${PRODUCT_NAME}";
			dstSubfolderSpec = 16;
			files = (
				E47A5D1D15E28141000B85F5 /* libHtmlLayoutIOS.h in CopyFiles */,
			);
			runOnlyForDeploymentPostprocessing = 0;
		};
/* End PBXCopyFilesBuildPhase section */

/* Begin PBXFileReference section */
		E47A5C1B15DE8E59000B85F5 /* html-layout-ios.app */ = {isa = PBXFileReference; explicitFileType = wrapper.application; includeInIndex = 0; path = "html-layout-ios.app"; sourceTree = BUILT_PRODUCTS_DIR; };
		E47A5C1F15DE8E59000B85F5 /* UIKit.framework */ = {isa = PBXFileReference; lastKnownFileType = wrapper.framework; name = UIKit.framework; path = System/Library/Frameworks/UIKit.framework; sourceTree = SDKROOT; };
		E47A5C2115DE8E59000B85F5 /* Foundation.framework */ = {isa = PBXFileReference; lastKnownFileType = wrapper.framework; name = Foundation.framework; path = System/Library/Frameworks/Foundation.framework; sourceTree = SDKROOT; };
		E47A5C2315DE8E59000B85F5 /* CoreGraphics.framework */ = {isa = PBXFileReference; lastKnownFileType = wrapper.framework; name = CoreGraphics.framework; path = System/Library/Frameworks/CoreGraphics.framework; sourceTree = SDKROOT; };
		E47A5C2715DE8E59000B85F5 /* html-layout-ios-Info.plist */ = {isa = PBXFileReference; lastKnownFileType = text.plist.xml; path = "html-layout-ios-Info.plist"; sourceTree = "<group>"; };
		E47A5C2915DE8E59000B85F5 /* en */ = {isa = PBXFileReference; lastKnownFileType = text.plist.strings; name = en; path = en.lproj/InfoPlist.strings; sourceTree = "<group>"; };
		E47A5C2B15DE8E59000B85F5 /* main.m */ = {isa = PBXFileReference; lastKnownFileType = sourcecode.c.objc; path = main.m; sourceTree = "<group>"; };
		E47A5C2D15DE8E59000B85F5 /* html-layout-ios-Prefix.pch */ = {isa = PBXFileReference; lastKnownFileType = sourcecode.c.h; path = "html-layout-ios-Prefix.pch"; sourceTree = "<group>"; };
		E47A5C2E15DE8E59000B85F5 /* RedOkesAppDelegate.h */ = {isa = PBXFileReference; lastKnownFileType = sourcecode.c.h; path = RedOkesAppDelegate.h; sourceTree = "<group>"; };
		E47A5C2F15DE8E59000B85F5 /* RedOkesAppDelegate.m */ = {isa = PBXFileReference; lastKnownFileType = sourcecode.c.objc; path = RedOkesAppDelegate.m; sourceTree = "<group>"; };
		E47A5C4015DE9018000B85F5 /* TFHpple.h */ = {isa = PBXFileReference; fileEncoding = 4; lastKnownFileType = sourcecode.c.h; path = TFHpple.h; sourceTree = "<group>"; };
		E47A5C4115DE9018000B85F5 /* TFHpple.m */ = {isa = PBXFileReference; fileEncoding = 4; lastKnownFileType = sourcecode.c.objc; path = TFHpple.m; sourceTree = "<group>"; };
		E47A5C4215DE9018000B85F5 /* TFHppleElement.h */ = {isa = PBXFileReference; fileEncoding = 4; lastKnownFileType = sourcecode.c.h; path = TFHppleElement.h; sourceTree = "<group>"; };
		E47A5C4315DE9018000B85F5 /* TFHppleElement.m */ = {isa = PBXFileReference; fileEncoding = 4; lastKnownFileType = sourcecode.c.objc; path = TFHppleElement.m; sourceTree = "<group>"; };
		E47A5C4415DE9018000B85F5 /* XPathQuery.h */ = {isa = PBXFileReference; fileEncoding = 4; lastKnownFileType = sourcecode.c.h; path = XPathQuery.h; sourceTree = "<group>"; };
		E47A5C4515DE9018000B85F5 /* XPathQuery.m */ = {isa = PBXFileReference; fileEncoding = 4; lastKnownFileType = sourcecode.c.objc; path = XPathQuery.m; sourceTree = "<group>"; };
		E47A5C4B15DE907D000B85F5 /* layout.html */ = {isa = PBXFileReference; fileEncoding = 4; lastKnownFileType = text.html; path = layout.html; sourceTree = "<group>"; };
		E47A5C4E15DE90DA000B85F5 /* UIColor+CreateMethods.h */ = {isa = PBXFileReference; fileEncoding = 4; lastKnownFileType = sourcecode.c.h; path = "UIColor+CreateMethods.h"; sourceTree = "<group>"; };
		E47A5C4F15DE90DA000B85F5 /* UIColor+CreateMethods.m */ = {isa = PBXFileReference; fileEncoding = 4; lastKnownFileType = sourcecode.c.objc; path = "UIColor+CreateMethods.m"; sourceTree = "<group>"; };
		E47A5C5115DE9136000B85F5 /* libxml2.2.dylib */ = {isa = PBXFileReference; lastKnownFileType = "compiled.mach-o.dylib"; name = libxml2.2.dylib; path = usr/lib/libxml2.2.dylib; sourceTree = SDKROOT; };
		E47A5C5415DE98D5000B85F5 /* HtmlViewParser.h */ = {isa = PBXFileReference; fileEncoding = 4; lastKnownFileType = sourcecode.c.h; path = HtmlViewParser.h; sourceTree = "<group>"; };
		E47A5C5515DE98D5000B85F5 /* HtmlViewParser.m */ = {isa = PBXFileReference; fileEncoding = 4; lastKnownFileType = sourcecode.c.objc; path = HtmlViewParser.m; sourceTree = "<group>"; };
		E47A5C5D15E047FC000B85F5 /* form.html */ = {isa = PBXFileReference; fileEncoding = 4; lastKnownFileType = text.html; path = form.html; sourceTree = "<group>"; };
		E47A5C6315E076BC000B85F5 /* HtmlViewController.h */ = {isa = PBXFileReference; fileEncoding = 4; lastKnownFileType = sourcecode.c.h; path = HtmlViewController.h; sourceTree = "<group>"; };
		E47A5C6415E076BC000B85F5 /* HtmlViewController.m */ = {isa = PBXFileReference; fileEncoding = 4; lastKnownFileType = sourcecode.c.objc; path = HtmlViewController.m; sourceTree = "<group>"; };
		E47A5C6615E076BC000B85F5 /* UIFlexibleView.h */ = {isa = PBXFileReference; fileEncoding = 4; lastKnownFileType = sourcecode.c.h; path = UIFlexibleView.h; sourceTree = "<group>"; };
		E47A5C6715E076BC000B85F5 /* UIFlexibleView.m */ = {isa = PBXFileReference; fileEncoding = 4; lastKnownFileType = sourcecode.c.objc; path = UIFlexibleView.m; sourceTree = "<group>"; };
		E47A5C6C15E076C9000B85F5 /* ExampleFormViewController.h */ = {isa = PBXFileReference; fileEncoding = 4; lastKnownFileType = sourcecode.c.h; path = ExampleFormViewController.h; sourceTree = "<group>"; };
		E47A5C6D15E076C9000B85F5 /* ExampleFormViewController.m */ = {isa = PBXFileReference; fileEncoding = 4; lastKnownFileType = sourcecode.c.objc; path = ExampleFormViewController.m; sourceTree = "<group>"; };
		E47A5C6E15E076C9000B85F5 /* ExampleViewController.h */ = {isa = PBXFileReference; fileEncoding = 4; lastKnownFileType = sourcecode.c.h; path = ExampleViewController.h; sourceTree = "<group>"; };
		E47A5C6F15E076C9000B85F5 /* ExampleViewController.m */ = {isa = PBXFileReference; fileEncoding = 4; lastKnownFileType = sourcecode.c.objc; path = ExampleViewController.m; sourceTree = "<group>"; };
		E47A5C7215E07811000B85F5 /* ExampleFormField.h */ = {isa = PBXFileReference; fileEncoding = 4; lastKnownFileType = sourcecode.c.h; name = ExampleFormField.h; path = Views/ExampleFormField.h; sourceTree = "<group>"; };
		E47A5C7315E07811000B85F5 /* ExampleFormField.m */ = {isa = PBXFileReference; fileEncoding = 4; lastKnownFileType = sourcecode.c.objc; name = ExampleFormField.m; path = Views/ExampleFormField.m; sourceTree = "<group>"; };
		E47A5C7615E09C4D000B85F5 /* ExampleFormFieldViewController.h */ = {isa = PBXFileReference; fileEncoding = 4; lastKnownFileType = sourcecode.c.h; path = ExampleFormFieldViewController.h; sourceTree = "<group>"; };
		E47A5C7715E09C4D000B85F5 /* ExampleFormFieldViewController.m */ = {isa = PBXFileReference; fileEncoding = 4; lastKnownFileType = sourcecode.c.objc; path = ExampleFormFieldViewController.m; sourceTree = "<group>"; };
		E47A5C7915E09C68000B85F5 /* field.html */ = {isa = PBXFileReference; fileEncoding = 4; lastKnownFileType = text.html; name = field.html; path = "html-layout-ios/field.html"; sourceTree = SOURCE_ROOT; };
		E47A5D1715E28140000B85F5 /* liblibHtmlLayoutIOS.a */ = {isa = PBXFileReference; explicitFileType = archive.ar; includeInIndex = 0; path = liblibHtmlLayoutIOS.a; sourceTree = BUILT_PRODUCTS_DIR; };
		E47A5D1B15E28141000B85F5 /* libHtmlLayoutIOS-Prefix.pch */ = {isa = PBXFileReference; lastKnownFileType = sourcecode.c.h; path = "libHtmlLayoutIOS-Prefix.pch"; sourceTree = "<group>"; };
		E47A5D1C15E28141000B85F5 /* libHtmlLayoutIOS.h */ = {isa = PBXFileReference; lastKnownFileType = sourcecode.c.h; path = libHtmlLayoutIOS.h; sourceTree = "<group>"; };
		E47A5D1E15E28141000B85F5 /* libHtmlLayoutIOS.m */ = {isa = PBXFileReference; lastKnownFileType = sourcecode.c.objc; path = libHtmlLayoutIOS.m; sourceTree = "<group>"; };
		F5FCCE7415DE9EA30075AB8E /* NSString+Util.h */ = {isa = PBXFileReference; fileEncoding = 4; lastKnownFileType = sourcecode.c.h; path = "NSString+Util.h"; sourceTree = "<group>"; };
		F5FCCE7515DE9EA30075AB8E /* NSString+Util.m */ = {isa = PBXFileReference; fileEncoding = 4; lastKnownFileType = sourcecode.c.objc; path = "NSString+Util.m"; sourceTree = "<group>"; };
/* End PBXFileReference section */

/* Begin PBXFrameworksBuildPhase section */
		E47A5C1815DE8E59000B85F5 /* Frameworks */ = {
			isa = PBXFrameworksBuildPhase;
			buildActionMask = 2147483647;
			files = (
				E47A5C5215DE9136000B85F5 /* libxml2.2.dylib in Frameworks */,
				E47A5C2015DE8E59000B85F5 /* UIKit.framework in Frameworks */,
				E47A5C2215DE8E59000B85F5 /* Foundation.framework in Frameworks */,
				E47A5C2415DE8E59000B85F5 /* CoreGraphics.framework in Frameworks */,
			);
			runOnlyForDeploymentPostprocessing = 0;
		};
		E47A5D1415E28140000B85F5 /* Frameworks */ = {
			isa = PBXFrameworksBuildPhase;
			buildActionMask = 2147483647;
			files = (
				E47A5D1815E28141000B85F5 /* Foundation.framework in Frameworks */,
			);
			runOnlyForDeploymentPostprocessing = 0;
		};
/* End PBXFrameworksBuildPhase section */

/* Begin PBXGroup section */
		E47A5C1015DE8E59000B85F5 = {
			isa = PBXGroup;
			children = (
				E47A5C2515DE8E59000B85F5 /* html-layout-ios */,
				E47A5D1915E28141000B85F5 /* libHtmlLayoutIOS */,
				E47A5C1E15DE8E59000B85F5 /* Frameworks */,
				E47A5C1C15DE8E59000B85F5 /* Products */,
			);
			sourceTree = "<group>";
		};
		E47A5C1C15DE8E59000B85F5 /* Products */ = {
			isa = PBXGroup;
			children = (
				E47A5C1B15DE8E59000B85F5 /* html-layout-ios.app */,
				E47A5D1715E28140000B85F5 /* liblibHtmlLayoutIOS.a */,
			);
			name = Products;
			sourceTree = "<group>";
		};
		E47A5C1E15DE8E59000B85F5 /* Frameworks */ = {
			isa = PBXGroup;
			children = (
				E47A5C5115DE9136000B85F5 /* libxml2.2.dylib */,
				E47A5C1F15DE8E59000B85F5 /* UIKit.framework */,
				E47A5C2115DE8E59000B85F5 /* Foundation.framework */,
				E47A5C2315DE8E59000B85F5 /* CoreGraphics.framework */,
			);
			name = Frameworks;
			sourceTree = "<group>";
		};
		E47A5C2515DE8E59000B85F5 /* html-layout-ios */ = {
			isa = PBXGroup;
			children = (
				E47A5C6A15E076C9000B85F5 /* Example */,
				E47A5C4D15DE90DA000B85F5 /* Categories */,
				E47A5C3915DE9018000B85F5 /* Classes */,
				E47A5C3E15DE9018000B85F5 /* External */,
				E47A5C7915E09C68000B85F5 /* field.html */,
				E47A5C4B15DE907D000B85F5 /* layout.html */,
				E47A5C5D15E047FC000B85F5 /* form.html */,
				E47A5C2E15DE8E59000B85F5 /* RedOkesAppDelegate.h */,
				E47A5C2F15DE8E59000B85F5 /* RedOkesAppDelegate.m */,
				E47A5C2615DE8E59000B85F5 /* Supporting Files */,
			);
			path = "html-layout-ios";
			sourceTree = "<group>";
		};
		E47A5C2615DE8E59000B85F5 /* Supporting Files */ = {
			isa = PBXGroup;
			children = (
				E47A5C2715DE8E59000B85F5 /* html-layout-ios-Info.plist */,
				E47A5C2815DE8E59000B85F5 /* InfoPlist.strings */,
				E47A5C2B15DE8E59000B85F5 /* main.m */,
				E47A5C2D15DE8E59000B85F5 /* html-layout-ios-Prefix.pch */,
			);
			name = "Supporting Files";
			sourceTree = "<group>";
		};
		E47A5C3915DE9018000B85F5 /* Classes */ = {
			isa = PBXGroup;
			children = (
				E47A5C6215E076BC000B85F5 /* Controllers */,
				E47A5C6515E076BC000B85F5 /* Views */,
				E47A5C5415DE98D5000B85F5 /* HtmlViewParser.h */,
				E47A5C5515DE98D5000B85F5 /* HtmlViewParser.m */,
			);
			path = Classes;
			sourceTree = "<group>";
		};
		E47A5C3E15DE9018000B85F5 /* External */ = {
			isa = PBXGroup;
			children = (
				E47A5C3F15DE9018000B85F5 /* Hpple */,
			);
			path = External;
			sourceTree = "<group>";
		};
		E47A5C3F15DE9018000B85F5 /* Hpple */ = {
			isa = PBXGroup;
			children = (
				E47A5C4015DE9018000B85F5 /* TFHpple.h */,
				E47A5C4115DE9018000B85F5 /* TFHpple.m */,
				E47A5C4215DE9018000B85F5 /* TFHppleElement.h */,
				E47A5C4315DE9018000B85F5 /* TFHppleElement.m */,
				E47A5C4415DE9018000B85F5 /* XPathQuery.h */,
				E47A5C4515DE9018000B85F5 /* XPathQuery.m */,
			);
			path = Hpple;
			sourceTree = "<group>";
		};
		E47A5C4D15DE90DA000B85F5 /* Categories */ = {
			isa = PBXGroup;
			children = (
				E47A5C4E15DE90DA000B85F5 /* UIColor+CreateMethods.h */,
				E47A5C4F15DE90DA000B85F5 /* UIColor+CreateMethods.m */,
				F5FCCE7415DE9EA30075AB8E /* NSString+Util.h */,
				F5FCCE7515DE9EA30075AB8E /* NSString+Util.m */,
			);
			path = Categories;
			sourceTree = "<group>";
		};
		E47A5C6215E076BC000B85F5 /* Controllers */ = {
			isa = PBXGroup;
			children = (
				E47A5C6315E076BC000B85F5 /* HtmlViewController.h */,
				E47A5C6415E076BC000B85F5 /* HtmlViewController.m */,
			);
			path = Controllers;
			sourceTree = "<group>";
		};
		E47A5C6515E076BC000B85F5 /* Views */ = {
			isa = PBXGroup;
			children = (
				E47A5C6615E076BC000B85F5 /* UIFlexibleView.h */,
				E47A5C6715E076BC000B85F5 /* UIFlexibleView.m */,
			);
			path = Views;
			sourceTree = "<group>";
		};
		E47A5C6A15E076C9000B85F5 /* Example */ = {
			isa = PBXGroup;
			children = (
				E47A5C6B15E076C9000B85F5 /* Controllers */,
				E47A5C7515E07826000B85F5 /* Views */,
			);
			path = Example;
			sourceTree = "<group>";
		};
		E47A5C6B15E076C9000B85F5 /* Controllers */ = {
			isa = PBXGroup;
			children = (
				E47A5C6C15E076C9000B85F5 /* ExampleFormViewController.h */,
				E47A5C6D15E076C9000B85F5 /* ExampleFormViewController.m */,
				E47A5C6E15E076C9000B85F5 /* ExampleViewController.h */,
				E47A5C6F15E076C9000B85F5 /* ExampleViewController.m */,
				E47A5C7615E09C4D000B85F5 /* ExampleFormFieldViewController.h */,
				E47A5C7715E09C4D000B85F5 /* ExampleFormFieldViewController.m */,
			);
			path = Controllers;
			sourceTree = "<group>";
		};
		E47A5C7515E07826000B85F5 /* Views */ = {
			isa = PBXGroup;
			children = (
				E47A5C7215E07811000B85F5 /* ExampleFormField.h */,
				E47A5C7315E07811000B85F5 /* ExampleFormField.m */,
			);
			name = Views;
			sourceTree = "<group>";
		};
		E47A5D1915E28141000B85F5 /* libHtmlLayoutIOS */ = {
			isa = PBXGroup;
			children = (
				E47A5D1C15E28141000B85F5 /* libHtmlLayoutIOS.h */,
				E47A5D1E15E28141000B85F5 /* libHtmlLayoutIOS.m */,
				E47A5D1A15E28141000B85F5 /* Supporting Files */,
			);
			path = libHtmlLayoutIOS;
			sourceTree = "<group>";
		};
		E47A5D1A15E28141000B85F5 /* Supporting Files */ = {
			isa = PBXGroup;
			children = (
				E47A5D1B15E28141000B85F5 /* libHtmlLayoutIOS-Prefix.pch */,
			);
			name = "Supporting Files";
			sourceTree = "<group>";
		};
/* End PBXGroup section */

/* Begin PBXNativeTarget section */
		E47A5C1A15DE8E59000B85F5 /* html-layout-ios */ = {
			isa = PBXNativeTarget;
			buildConfigurationList = E47A5C3315DE8E59000B85F5 /* Build configuration list for PBXNativeTarget "html-layout-ios" */;
			buildPhases = (
				E47A5C1715DE8E59000B85F5 /* Sources */,
				E47A5C1815DE8E59000B85F5 /* Frameworks */,
				E47A5C1915DE8E59000B85F5 /* Resources */,
			);
			buildRules = (
			);
			dependencies = (
			);
			name = "html-layout-ios";
			productName = "html-layout-ios";
			productReference = E47A5C1B15DE8E59000B85F5 /* html-layout-ios.app */;
			productType = "com.apple.product-type.application";
		};
		E47A5D1615E28140000B85F5 /* libHtmlLayoutIOS */ = {
			isa = PBXNativeTarget;
			buildConfigurationList = E47A5D2215E28141000B85F5 /* Build configuration list for PBXNativeTarget "libHtmlLayoutIOS" */;
			buildPhases = (
				E47A5D1315E28140000B85F5 /* Sources */,
				E47A5D1415E28140000B85F5 /* Frameworks */,
				E47A5D1515E28140000B85F5 /* CopyFiles */,
			);
			buildRules = (
			);
			dependencies = (
			);
			name = libHtmlLayoutIOS;
			productName = libHtmlLayoutIOS;
			productReference = E47A5D1715E28140000B85F5 /* liblibHtmlLayoutIOS.a */;
			productType = "com.apple.product-type.library.static";
		};
/* End PBXNativeTarget section */

/* Begin PBXProject section */
		E47A5C1215DE8E59000B85F5 /* Project object */ = {
			isa = PBXProject;
			attributes = {
				CLASSPREFIX = RedOkes;
				LastUpgradeCheck = 0440;
				ORGANIZATIONNAME = "Jared Lewis";
			};
			buildConfigurationList = E47A5C1515DE8E59000B85F5 /* Build configuration list for PBXProject "html-layout-ios" */;
			compatibilityVersion = "Xcode 3.2";
			developmentRegion = English;
			hasScannedForEncodings = 0;
			knownRegions = (
				en,
			);
			mainGroup = E47A5C1015DE8E59000B85F5;
			productRefGroup = E47A5C1C15DE8E59000B85F5 /* Products */;
			projectDirPath = "";
			projectRoot = "";
			targets = (
				E47A5C1A15DE8E59000B85F5 /* html-layout-ios */,
				E47A5D1615E28140000B85F5 /* libHtmlLayoutIOS */,
			);
		};
/* End PBXProject section */

/* Begin PBXResourcesBuildPhase section */
		E47A5C1915DE8E59000B85F5 /* Resources */ = {
			isa = PBXResourcesBuildPhase;
			buildActionMask = 2147483647;
			files = (
				E47A5C2A15DE8E59000B85F5 /* InfoPlist.strings in Resources */,
				E47A5C4C15DE907D000B85F5 /* layout.html in Resources */,
				E47A5C5E15E047FC000B85F5 /* form.html in Resources */,
				E47A5C7A15E09C68000B85F5 /* field.html in Resources */,
			);
			runOnlyForDeploymentPostprocessing = 0;
		};
/* End PBXResourcesBuildPhase section */

/* Begin PBXSourcesBuildPhase section */
		E47A5C1715DE8E59000B85F5 /* Sources */ = {
			isa = PBXSourcesBuildPhase;
			buildActionMask = 2147483647;
			files = (
				E47A5C2C15DE8E59000B85F5 /* main.m in Sources */,
				E47A5C3015DE8E59000B85F5 /* RedOkesAppDelegate.m in Sources */,
				E47A5C4815DE9018000B85F5 /* TFHpple.m in Sources */,
				E47A5C4915DE9018000B85F5 /* TFHppleElement.m in Sources */,
				E47A5C4A15DE9018000B85F5 /* XPathQuery.m in Sources */,
				E47A5C5015DE90DA000B85F5 /* UIColor+CreateMethods.m in Sources */,
				F5FCCE7615DE9EA30075AB8E /* NSString+Util.m in Sources */,
				E47A5C5615DE98D5000B85F5 /* HtmlViewParser.m in Sources */,
				E47A5C6815E076BC000B85F5 /* HtmlViewController.m in Sources */,
				E47A5C6915E076BC000B85F5 /* UIFlexibleView.m in Sources */,
				E47A5C7015E076C9000B85F5 /* ExampleFormViewController.m in Sources */,
				E47A5C7115E076C9000B85F5 /* ExampleViewController.m in Sources */,
				E47A5C7415E07811000B85F5 /* ExampleFormField.m in Sources */,
				E47A5C7815E09C4D000B85F5 /* ExampleFormFieldViewController.m in Sources */,
			);
			runOnlyForDeploymentPostprocessing = 0;
		};
		E47A5D1315E28140000B85F5 /* Sources */ = {
			isa = PBXSourcesBuildPhase;
			buildActionMask = 2147483647;
			files = (
				E47A5D1F15E28141000B85F5 /* libHtmlLayoutIOS.m in Sources */,
			);
			runOnlyForDeploymentPostprocessing = 0;
		};
/* End PBXSourcesBuildPhase section */

/* Begin PBXVariantGroup section */
		E47A5C2815DE8E59000B85F5 /* InfoPlist.strings */ = {
			isa = PBXVariantGroup;
			children = (
				E47A5C2915DE8E59000B85F5 /* en */,
			);
			name = InfoPlist.strings;
			sourceTree = "<group>";
		};
/* End PBXVariantGroup section */

/* Begin XCBuildConfiguration section */
		E47A5C3115DE8E59000B85F5 /* Debug */ = {
			isa = XCBuildConfiguration;
			buildSettings = {
				ALWAYS_SEARCH_USER_PATHS = NO;
				ARCHS = "$(ARCHS_STANDARD_32_BIT)";
				CLANG_CXX_LANGUAGE_STANDARD = "gnu++0x";
				CLANG_ENABLE_OBJC_ARC = YES;
				CLANG_WARN__DUPLICATE_METHOD_MATCH = YES;
				"CODE_SIGN_IDENTITY[sdk=iphoneos*]" = "iPhone Developer";
				COPY_PHASE_STRIP = NO;
				GCC_C_LANGUAGE_STANDARD = gnu99;
				GCC_DYNAMIC_NO_PIC = NO;
				GCC_OPTIMIZATION_LEVEL = 0;
				GCC_PREPROCESSOR_DEFINITIONS = (
					"DEBUG=1",
					"$(inherited)",
				);
				GCC_SYMBOLS_PRIVATE_EXTERN = NO;
				GCC_VERSION = com.apple.compilers.llvm.clang.1_0;
				GCC_WARN_ABOUT_RETURN_TYPE = YES;
				GCC_WARN_UNINITIALIZED_AUTOS = YES;
				GCC_WARN_UNUSED_VARIABLE = YES;
				IPHONEOS_DEPLOYMENT_TARGET = 5.1;
				SDKROOT = iphoneos;
			};
			name = Debug;
		};
		E47A5C3215DE8E59000B85F5 /* Release */ = {
			isa = XCBuildConfiguration;
			buildSettings = {
				ALWAYS_SEARCH_USER_PATHS = NO;
				ARCHS = "$(ARCHS_STANDARD_32_BIT)";
				CLANG_CXX_LANGUAGE_STANDARD = "gnu++0x";
				CLANG_ENABLE_OBJC_ARC = YES;
				CLANG_WARN__DUPLICATE_METHOD_MATCH = YES;
				"CODE_SIGN_IDENTITY[sdk=iphoneos*]" = "iPhone Developer";
				COPY_PHASE_STRIP = YES;
				GCC_C_LANGUAGE_STANDARD = gnu99;
				GCC_VERSION = com.apple.compilers.llvm.clang.1_0;
				GCC_WARN_ABOUT_RETURN_TYPE = YES;
				GCC_WARN_UNINITIALIZED_AUTOS = YES;
				GCC_WARN_UNUSED_VARIABLE = YES;
				IPHONEOS_DEPLOYMENT_TARGET = 5.1;
				OTHER_CFLAGS = "-DNS_BLOCK_ASSERTIONS=1";
				SDKROOT = iphoneos;
				VALIDATE_PRODUCT = YES;
			};
			name = Release;
		};
		E47A5C3415DE8E59000B85F5 /* Debug */ = {
			isa = XCBuildConfiguration;
			buildSettings = {
				GCC_PRECOMPILE_PREFIX_HEADER = YES;
				GCC_PREFIX_HEADER = "html-layout-ios/html-layout-ios-Prefix.pch";
				HEADER_SEARCH_PATHS = "$(SDKROOT)/usr/include/libxml2";
				INFOPLIST_FILE = "html-layout-ios/html-layout-ios-Info.plist";
				PRODUCT_NAME = "$(TARGET_NAME)";
				WRAPPER_EXTENSION = app;
			};
			name = Debug;
		};
		E47A5C3515DE8E59000B85F5 /* Release */ = {
			isa = XCBuildConfiguration;
			buildSettings = {
				GCC_PRECOMPILE_PREFIX_HEADER = YES;
				GCC_PREFIX_HEADER = "html-layout-ios/html-layout-ios-Prefix.pch";
				HEADER_SEARCH_PATHS = "$(SDKROOT)/usr/include/libxml2";
				INFOPLIST_FILE = "html-layout-ios/html-layout-ios-Info.plist";
				PRODUCT_NAME = "$(TARGET_NAME)";
				WRAPPER_EXTENSION = app;
			};
			name = Release;
		};
		E47A5D2015E28141000B85F5 /* Debug */ = {
			isa = XCBuildConfiguration;
			buildSettings = {
				DSTROOT = /tmp/libHtmlLayoutIOS.dst;
				GCC_PRECOMPILE_PREFIX_HEADER = YES;
				GCC_PREFIX_HEADER = "libHtmlLayoutIOS/libHtmlLayoutIOS-Prefix.pch";
				OTHER_LDFLAGS = "-ObjC";
				PRODUCT_NAME = "$(TARGET_NAME)";
				SKIP_INSTALL = YES;
			};
			name = Debug;
		};
		E47A5D2115E28141000B85F5 /* Release */ = {
			isa = XCBuildConfiguration;
			buildSettings = {
				DSTROOT = /tmp/libHtmlLayoutIOS.dst;
				GCC_PRECOMPILE_PREFIX_HEADER = YES;
				GCC_PREFIX_HEADER = "libHtmlLayoutIOS/libHtmlLayoutIOS-Prefix.pch";
				OTHER_LDFLAGS = "-ObjC";
				PRODUCT_NAME = "$(TARGET_NAME)";
				SKIP_INSTALL = YES;
			};
			name = Release;
		};
/* End XCBuildConfiguration section */

/* Begin XCConfigurationList section */
		E47A5C1515DE8E59000B85F5 /* Build configuration list for PBXProject "html-layout-ios" */ = {
			isa = XCConfigurationList;
			buildConfigurations = (
				E47A5C3115DE8E59000B85F5 /* Debug */,
				E47A5C3215DE8E59000B85F5 /* Release */,
			);
			defaultConfigurationIsVisible = 0;
			defaultConfigurationName = Release;
		};
		E47A5C3315DE8E59000B85F5 /* Build configuration list for PBXNativeTarget "html-layout-ios" */ = {
			isa = XCConfigurationList;
			buildConfigurations = (
				E47A5C3415DE8E59000B85F5 /* Debug */,
				E47A5C3515DE8E59000B85F5 /* Release */,
			);
			defaultConfigurationIsVisible = 0;
			defaultConfigurationName = Release;
		};
		E47A5D2215E28141000B85F5 /* Build configuration list for PBXNativeTarget "libHtmlLayoutIOS" */ = {
			isa = XCConfigurationList;
			buildConfigurations = (
				E47A5D2015E28141000B85F5 /* Debug */,
				E47A5D2115E28141000B85F5 /* Release */,
			);
			defaultConfigurationIsVisible = 0;
		};
/* End XCConfigurationList section */
	};
	rootObject = E47A5C1215DE8E59000B85F5 /* Project object */;
}
